
Microsoft Visual Studio Solution File, Format Version 12.00
# Visual Studio Version 17
VisualStudioVersion = 17.8.34525.116
MinimumVisualStudioVersion = 10.0.40219.1
Project("{FAE04EC0-301F-11D3-BF4B-00C04F79EFBC}") = "Main", "Main\Main.csproj", "{B491FFCA-E562-490E-A2C0-6F92F24CA6ED}"
EndProject
Project("{9A19103F-16F7-4668-BE54-9A1E7A4F7556}") = "Logic", "Logic\Logic.csproj", "{D94163A8-4D9A-44C0-A93E-9701CA1CB5A6}"
EndProject
Global
	GlobalSection(SolutionConfigurationPlatforms) = preSolution
		Debug|Any CPU = Debug|Any CPU
		Release|Any CPU = Release|Any CPU
	EndGlobalSection
	GlobalSection(ProjectConfigurationPlatforms) = postSolution
		{B491FFCA-E562-490E-A2C0-6F92F24CA6ED}.Debug|Any CPU.ActiveCfg = Debug|Any CPU
		{B491FFCA-E562-490E-A2C0-6F92F24CA6ED}.Debug|Any CPU.Build.0 = Debug|Any CPU
		{B491FFCA-E562-490E-A2C0-6F92F24CA6ED}.Release|Any CPU.ActiveCfg = Release|Any CPU
		{B491FFCA-E562-490E-A2C0-6F92F24CA6ED}.Release|Any CPU.Build.0 = Release|Any CPU
		{D94163A8-4D9A-44C0-A93E-9701CA1CB5A6}.Debug|Any CPU.ActiveCfg = Debug|Any CPU
		{D94163A8-4D9A-44C0-A93E-9701CA1CB5A6}.Debug|Any CPU.Build.0 = Debug|Any CPU
		{D94163A8-4D9A-44C0-A93E-9701CA1CB5A6}.Release|Any CPU.ActiveCfg = Release|Any CPU
		{D94163A8-4D9A-44C0-A93E-9701CA1CB5A6}.Release|Any CPU.Build.0 = Release|Any CPU
	EndGlobalSection
	GlobalSection(SolutionProperties) = preSolution
		HideSolutionNode = FALSE
	EndGlobalSection
	GlobalSection(ExtensibilityGlobals) = postSolution
		SolutionGuid = {AF26599B-FEFD-475D-8CBA-6BA3869C5026}
	EndGlobalSection
EndGlobal
